// !$*UTF8*$!
{
	archiveVersion = 1;
	classes = {
	};
	objectVersion = 51;
	objects = {

/* Begin PBXBuildFile section */
		04C9C120BC5B9D623294B2F2 /* Pods_RxMoya_practice.framework in Frameworks */ = {isa = PBXBuildFile; fileRef = 595AFD7324DC550BF944B615 /* Pods_RxMoya_practice.framework */; };
		AB2C7A2F26E25E8600368DCE /* AppDelegate.swift in Sources */ = {isa = PBXBuildFile; fileRef = AB2C7A2E26E25E8600368DCE /* AppDelegate.swift */; };
		AB2C7A3126E25E8600368DCE /* SceneDelegate.swift in Sources */ = {isa = PBXBuildFile; fileRef = AB2C7A3026E25E8600368DCE /* SceneDelegate.swift */; };
		AB2C7A3326E25E8600368DCE /* ViewController.swift in Sources */ = {isa = PBXBuildFile; fileRef = AB2C7A3226E25E8600368DCE /* ViewController.swift */; };
		AB2C7A3626E25E8600368DCE /* Main.storyboard in Resources */ = {isa = PBXBuildFile; fileRef = AB2C7A3426E25E8600368DCE /* Main.storyboard */; };
		AB2C7A3826E25E8700368DCE /* Assets.xcassets in Resources */ = {isa = PBXBuildFile; fileRef = AB2C7A3726E25E8700368DCE /* Assets.xcassets */; };
		AB2C7A3B26E25E8700368DCE /* LaunchScreen.storyboard in Resources */ = {isa = PBXBuildFile; fileRef = AB2C7A3926E25E8700368DCE /* LaunchScreen.storyboard */; };
		AB3D8C4426EA20A300B5A922 /* Cell.swift in Sources */ = {isa = PBXBuildFile; fileRef = AB3D8C4226EA20A300B5A922 /* Cell.swift */; };
		AB3D8C4526EA20A300B5A922 /* Cell.xib in Resources */ = {isa = PBXBuildFile; fileRef = AB3D8C4326EA20A300B5A922 /* Cell.xib */; };
		AB3D8C4826EA212C00B5A922 /* CenterVO.swift in Sources */ = {isa = PBXBuildFile; fileRef = AB3D8C4726EA212C00B5A922 /* CenterVO.swift */; };
		AB3D8C4D26EA266D00B5A922 /* Service.swift in Sources */ = {isa = PBXBuildFile; fileRef = AB3D8C4C26EA266D00B5A922 /* Service.swift */; };
		AB3D8C4F26EA268400B5A922 /* target.swift in Sources */ = {isa = PBXBuildFile; fileRef = AB3D8C4E26EA268400B5A922 /* target.swift */; };
/* End PBXBuildFile section */

/* Begin PBXFileReference section */
		1A4B51127707519A62F2BC92 /* Pods_RxMoya_practice_RxMoya_practiceUITests.framework */ = {isa = PBXFileReference; explicitFileType = wrapper.framework; includeInIndex = 0; path = Pods_RxMoya_practice_RxMoya_practiceUITests.framework; sourceTree = BUILT_PRODUCTS_DIR; };
		34499B818BF930AD2ECB83FC /* Pods-RxMoya_practice-RxMoya_practiceUITests.release.xcconfig */ = {isa = PBXFileReference; includeInIndex = 1; lastKnownFileType = text.xcconfig; name = "Pods-RxMoya_practice-RxMoya_practiceUITests.release.xcconfig"; path = "Target Support Files/Pods-RxMoya_practice-RxMoya_practiceUITests/Pods-RxMoya_practice-RxMoya_practiceUITests.release.xcconfig"; sourceTree = "<group>"; };
		595AFD7324DC550BF944B615 /* Pods_RxMoya_practice.framework */ = {isa = PBXFileReference; explicitFileType = wrapper.framework; includeInIndex = 0; path = Pods_RxMoya_practice.framework; sourceTree = BUILT_PRODUCTS_DIR; };
		5F55AE6806DDC5C80EC17775 /* Pods-RxMoya_practice.release.xcconfig */ = {isa = PBXFileReference; includeInIndex = 1; lastKnownFileType = text.xcconfig; name = "Pods-RxMoya_practice.release.xcconfig"; path = "Target Support Files/Pods-RxMoya_practice/Pods-RxMoya_practice.release.xcconfig"; sourceTree = "<group>"; };
		6351F744353572EE5D8AA0C4 /* Pods-RxMoya_practiceTests.debug.xcconfig */ = {isa = PBXFileReference; includeInIndex = 1; lastKnownFileType = text.xcconfig; name = "Pods-RxMoya_practiceTests.debug.xcconfig"; path = "Target Support Files/Pods-RxMoya_practiceTests/Pods-RxMoya_practiceTests.debug.xcconfig"; sourceTree = "<group>"; };
		649BCDEF4501BA54923AC760 /* Pods-RxMoya_practice.debug.xcconfig */ = {isa = PBXFileReference; includeInIndex = 1; lastKnownFileType = text.xcconfig; name = "Pods-RxMoya_practice.debug.xcconfig"; path = "Target Support Files/Pods-RxMoya_practice/Pods-RxMoya_practice.debug.xcconfig"; sourceTree = "<group>"; };
		69C756897C08C932BCBEFFD4 /* Pods-RxMoya_practiceTests.release.xcconfig */ = {isa = PBXFileReference; includeInIndex = 1; lastKnownFileType = text.xcconfig; name = "Pods-RxMoya_practiceTests.release.xcconfig"; path = "Target Support Files/Pods-RxMoya_practiceTests/Pods-RxMoya_practiceTests.release.xcconfig"; sourceTree = "<group>"; };
		9D8F7F451A73A8C442F71AF3 /* Pods_RxMoya_practiceTests.framework */ = {isa = PBXFileReference; explicitFileType = wrapper.framework; includeInIndex = 0; path = Pods_RxMoya_practiceTests.framework; sourceTree = BUILT_PRODUCTS_DIR; };
		AB2C7A2B26E25E8600368DCE /* RxMoya_practice.app */ = {isa = PBXFileReference; explicitFileType = wrapper.application; includeInIndex = 0; path = RxMoya_practice.app; sourceTree = BUILT_PRODUCTS_DIR; };
		AB2C7A2E26E25E8600368DCE /* AppDelegate.swift */ = {isa = PBXFileReference; lastKnownFileType = sourcecode.swift; path = AppDelegate.swift; sourceTree = "<group>"; };
		AB2C7A3026E25E8600368DCE /* SceneDelegate.swift */ = {isa = PBXFileReference; lastKnownFileType = sourcecode.swift; path = SceneDelegate.swift; sourceTree = "<group>"; };
		AB2C7A3226E25E8600368DCE /* ViewController.swift */ = {isa = PBXFileReference; lastKnownFileType = sourcecode.swift; path = ViewController.swift; sourceTree = "<group>"; };
		AB2C7A3526E25E8600368DCE /* Base */ = {isa = PBXFileReference; lastKnownFileType = file.storyboard; name = Base; path = Base.lproj/Main.storyboard; sourceTree = "<group>"; };
		AB2C7A3726E25E8700368DCE /* Assets.xcassets */ = {isa = PBXFileReference; lastKnownFileType = folder.assetcatalog; path = Assets.xcassets; sourceTree = "<group>"; };
		AB2C7A3A26E25E8700368DCE /* Base */ = {isa = PBXFileReference; lastKnownFileType = file.storyboard; name = Base; path = Base.lproj/LaunchScreen.storyboard; sourceTree = "<group>"; };
		AB2C7A3C26E25E8700368DCE /* Info.plist */ = {isa = PBXFileReference; lastKnownFileType = text.plist.xml; path = Info.plist; sourceTree = "<group>"; };
		AB2C7A4526E25E8700368DCE /* RxMoya_practiceTests.swift */ = {isa = PBXFileReference; lastKnownFileType = sourcecode.swift; path = RxMoya_practiceTests.swift; sourceTree = "<group>"; };
		AB2C7A4726E25E8700368DCE /* Info.plist */ = {isa = PBXFileReference; lastKnownFileType = text.plist.xml; path = Info.plist; sourceTree = "<group>"; };
		AB2C7A5026E25E8700368DCE /* RxMoya_practiceUITests.swift */ = {isa = PBXFileReference; lastKnownFileType = sourcecode.swift; path = RxMoya_practiceUITests.swift; sourceTree = "<group>"; };
		AB2C7A5226E25E8700368DCE /* Info.plist */ = {isa = PBXFileReference; lastKnownFileType = text.plist.xml; path = Info.plist; sourceTree = "<group>"; };
		AB3D8C4226EA20A300B5A922 /* Cell.swift */ = {isa = PBXFileReference; lastKnownFileType = sourcecode.swift; path = Cell.swift; sourceTree = "<group>"; };
		AB3D8C4326EA20A300B5A922 /* Cell.xib */ = {isa = PBXFileReference; lastKnownFileType = file.xib; path = Cell.xib; sourceTree = "<group>"; };
		AB3D8C4726EA212C00B5A922 /* CenterVO.swift */ = {isa = PBXFileReference; lastKnownFileType = sourcecode.swift; path = CenterVO.swift; sourceTree = "<group>"; };
		AB3D8C4C26EA266D00B5A922 /* Service.swift */ = {isa = PBXFileReference; lastKnownFileType = sourcecode.swift; path = Service.swift; sourceTree = "<group>"; };
		AB3D8C4E26EA268400B5A922 /* target.swift */ = {isa = PBXFileReference; lastKnownFileType = sourcecode.swift; path = target.swift; sourceTree = "<group>"; };
		B924253989E5952BD8CD9884 /* Pods-RxMoya_practice-RxMoya_practiceUITests.debug.xcconfig */ = {isa = PBXFileReference; includeInIndex = 1; lastKnownFileType = text.xcconfig; name = "Pods-RxMoya_practice-RxMoya_practiceUITests.debug.xcconfig"; path = "Target Support Files/Pods-RxMoya_practice-RxMoya_practiceUITests/Pods-RxMoya_practice-RxMoya_practiceUITests.debug.xcconfig"; sourceTree = "<group>"; };
/* End PBXFileReference section */

/* Begin PBXFrameworksBuildPhase section */
		AB2C7A2826E25E8600368DCE /* Frameworks */ = {
			isa = PBXFrameworksBuildPhase;
			buildActionMask = 2147483647;
			files = (
				04C9C120BC5B9D623294B2F2 /* Pods_RxMoya_practice.framework in Frameworks */,
			);
			runOnlyForDeploymentPostprocessing = 0;
		};
/* End PBXFrameworksBuildPhase section */

/* Begin PBXGroup section */
		01794A086D6491A1DABE9D2A /* Frameworks */ = {
			isa = PBXGroup;
			children = (
				595AFD7324DC550BF944B615 /* Pods_RxMoya_practice.framework */,
				1A4B51127707519A62F2BC92 /* Pods_RxMoya_practice_RxMoya_practiceUITests.framework */,
				9D8F7F451A73A8C442F71AF3 /* Pods_RxMoya_practiceTests.framework */,
			);
			name = Frameworks;
			sourceTree = "<group>";
		};
		AB2C7A2226E25E8600368DCE = {
			isa = PBXGroup;
			children = (
				AB2C7A2D26E25E8600368DCE /* RxMoya_practice */,
				AB2C7A4426E25E8700368DCE /* RxMoya_practiceTests */,
				AB2C7A4F26E25E8700368DCE /* RxMoya_practiceUITests */,
				AB2C7A2C26E25E8600368DCE /* Products */,
				DBC1CB29E30581FF3E2C631E /* Pods */,
				01794A086D6491A1DABE9D2A /* Frameworks */,
			);
			sourceTree = "<group>";
		};
		AB2C7A2C26E25E8600368DCE /* Products */ = {
			isa = PBXGroup;
			children = (
				AB2C7A2B26E25E8600368DCE /* RxMoya_practice.app */,
			);
			name = Products;
			sourceTree = "<group>";
		};
		AB2C7A2D26E25E8600368DCE /* RxMoya_practice */ = {
			isa = PBXGroup;
			children = (
				AB3D8C4B26EA263500B5A922 /* ViewController */,
				AB3D8C4A26EA262600B5A922 /* View */,
				AB3D8C4926EA260900B5A922 /* Model */,
				AB3D8C4626EA211C00B5A922 /* HTTP */,
				AB2C7A2E26E25E8600368DCE /* AppDelegate.swift */,
				AB2C7A3026E25E8600368DCE /* SceneDelegate.swift */,
				AB2C7A3426E25E8600368DCE /* Main.storyboard */,
				AB2C7A3726E25E8700368DCE /* Assets.xcassets */,
				AB2C7A3926E25E8700368DCE /* LaunchScreen.storyboard */,
				AB2C7A3C26E25E8700368DCE /* Info.plist */,
			);
			path = RxMoya_practice;
			sourceTree = "<group>";
		};
		AB2C7A4426E25E8700368DCE /* RxMoya_practiceTests */ = {
			isa = PBXGroup;
			children = (
				AB2C7A4526E25E8700368DCE /* RxMoya_practiceTests.swift */,
				AB2C7A4726E25E8700368DCE /* Info.plist */,
			);
			path = RxMoya_practiceTests;
			sourceTree = "<group>";
		};
		AB2C7A4F26E25E8700368DCE /* RxMoya_practiceUITests */ = {
			isa = PBXGroup;
			children = (
				AB2C7A5026E25E8700368DCE /* RxMoya_practiceUITests.swift */,
				AB2C7A5226E25E8700368DCE /* Info.plist */,
			);
			path = RxMoya_practiceUITests;
			sourceTree = "<group>";
		};
		AB3D8C4626EA211C00B5A922 /* HTTP */ = {
			isa = PBXGroup;
			children = (
				AB3D8C4C26EA266D00B5A922 /* Service.swift */,
				AB3D8C4E26EA268400B5A922 /* target.swift */,
			);
			path = HTTP;
			sourceTree = "<group>";
		};
		AB3D8C4926EA260900B5A922 /* Model */ = {
			isa = PBXGroup;
			children = (
				AB3D8C4726EA212C00B5A922 /* CenterVO.swift */,
			);
			path = Model;
			sourceTree = "<group>";
		};
		AB3D8C4A26EA262600B5A922 /* View */ = {
			isa = PBXGroup;
			children = (
				AB3D8C4226EA20A300B5A922 /* Cell.swift */,
				AB3D8C4326EA20A300B5A922 /* Cell.xib */,
			);
			path = View;
			sourceTree = "<group>";
		};
		AB3D8C4B26EA263500B5A922 /* ViewController */ = {
			isa = PBXGroup;
			children = (
				AB2C7A3226E25E8600368DCE /* ViewController.swift */,
			);
			path = ViewController;
			sourceTree = "<group>";
		};
		DBC1CB29E30581FF3E2C631E /* Pods */ = {
			isa = PBXGroup;
			children = (
				649BCDEF4501BA54923AC760 /* Pods-RxMoya_practice.debug.xcconfig */,
				5F55AE6806DDC5C80EC17775 /* Pods-RxMoya_practice.release.xcconfig */,
				B924253989E5952BD8CD9884 /* Pods-RxMoya_practice-RxMoya_practiceUITests.debug.xcconfig */,
				34499B818BF930AD2ECB83FC /* Pods-RxMoya_practice-RxMoya_practiceUITests.release.xcconfig */,
				6351F744353572EE5D8AA0C4 /* Pods-RxMoya_practiceTests.debug.xcconfig */,
				69C756897C08C932BCBEFFD4 /* Pods-RxMoya_practiceTests.release.xcconfig */,
			);
			path = Pods;
			sourceTree = "<group>";
		};
/* End PBXGroup section */

/* Begin PBXNativeTarget section */
		AB2C7A2A26E25E8600368DCE /* RxMoya_practice */ = {
			isa = PBXNativeTarget;
			buildConfigurationList = AB2C7A5526E25E8700368DCE /* Build configuration list for PBXNativeTarget "RxMoya_practice" */;
			buildPhases = (
				486A5E53C3D8CEA43272671D /* [CP] Check Pods Manifest.lock */,
				AB2C7A2726E25E8600368DCE /* Sources */,
				AB2C7A2826E25E8600368DCE /* Frameworks */,
				AB2C7A2926E25E8600368DCE /* Resources */,
				E0D0693F42DCAEBE01A8A282 /* [CP] Embed Pods Frameworks */,
			);
			buildRules = (
			);
			dependencies = (
			);
			name = RxMoya_practice;
			productName = RxMoya_practice;
			productReference = AB2C7A2B26E25E8600368DCE /* RxMoya_practice.app */;
			productType = "com.apple.product-type.application";
		};
/* End PBXNativeTarget section */

/* Begin PBXProject section */
		AB2C7A2326E25E8600368DCE /* Project object */ = {
			isa = PBXProject;
			attributes = {
				LastSwiftUpdateCheck = 1250;
				LastUpgradeCheck = 1250;
				TargetAttributes = {
					AB2C7A2A26E25E8600368DCE = {
						CreatedOnToolsVersion = 12.5.1;
					};
				};
			};
			buildConfigurationList = AB2C7A2626E25E8600368DCE /* Build configuration list for PBXProject "RxMoya_practice" */;
			compatibilityVersion = "Xcode 9.3";
			developmentRegion = en;
			hasScannedForEncodings = 0;
			knownRegions = (
				en,
				Base,
			);
			mainGroup = AB2C7A2226E25E8600368DCE;
			productRefGroup = AB2C7A2C26E25E8600368DCE /* Products */;
			projectDirPath = "";
			projectRoot = "";
			targets = (
				AB2C7A2A26E25E8600368DCE /* RxMoya_practice */,
			);
		};
/* End PBXProject section */

/* Begin PBXResourcesBuildPhase section */
		AB2C7A2926E25E8600368DCE /* Resources */ = {
			isa = PBXResourcesBuildPhase;
			buildActionMask = 2147483647;
			files = (
				AB2C7A3B26E25E8700368DCE /* LaunchScreen.storyboard in Resources */,
				AB3D8C4526EA20A300B5A922 /* Cell.xib in Resources */,
				AB2C7A3826E25E8700368DCE /* Assets.xcassets in Resources */,
				AB2C7A3626E25E8600368DCE /* Main.storyboard in Resources */,
			);
			runOnlyForDeploymentPostprocessing = 0;
		};
/* End PBXResourcesBuildPhase section */

/* Begin PBXShellScriptBuildPhase section */
		486A5E53C3D8CEA43272671D /* [CP] Check Pods Manifest.lock */ = {
			isa = PBXShellScriptBuildPhase;
			buildActionMask = 2147483647;
			files = (
			);
			inputFileListPaths = (
			);
			inputPaths = (
				"${PODS_PODFILE_DIR_PATH}/Podfile.lock",
				"${PODS_ROOT}/Manifest.lock",
			);
			name = "[CP] Check Pods Manifest.lock";
			outputFileListPaths = (
			);
			outputPaths = (
				"$(DERIVED_FILE_DIR)/Pods-RxMoya_practice-checkManifestLockResult.txt",
			);
			runOnlyForDeploymentPostprocessing = 0;
			shellPath = /bin/sh;
			shellScript = "diff \"${PODS_PODFILE_DIR_PATH}/Podfile.lock\" \"${PODS_ROOT}/Manifest.lock\" > /dev/null\nif [ $? != 0 ] ; then\n    # print error to STDERR\n    echo \"error: The sandbox is not in sync with the Podfile.lock. Run 'pod install' or update your CocoaPods installation.\" >&2\n    exit 1\nfi\n# This output is used by Xcode 'outputs' to avoid re-running this script phase.\necho \"SUCCESS\" > \"${SCRIPT_OUTPUT_FILE_0}\"\n";
			showEnvVarsInLog = 0;
		};
		E0D0693F42DCAEBE01A8A282 /* [CP] Embed Pods Frameworks */ = {
			isa = PBXShellScriptBuildPhase;
			buildActionMask = 2147483647;
			files = (
			);
			inputFileListPaths = (
				"${PODS_ROOT}/Target Support Files/Pods-RxMoya_practice/Pods-RxMoya_practice-frameworks-${CONFIGURATION}-input-files.xcfilelist",
			);
			name = "[CP] Embed Pods Frameworks";
			outputFileListPaths = (
				"${PODS_ROOT}/Target Support Files/Pods-RxMoya_practice/Pods-RxMoya_practice-frameworks-${CONFIGURATION}-output-files.xcfilelist",
			);
			runOnlyForDeploymentPostprocessing = 0;
			shellPath = /bin/sh;
			shellScript = "\"${PODS_ROOT}/Target Support Files/Pods-RxMoya_practice/Pods-RxMoya_practice-frameworks.sh\"\n";
			showEnvVarsInLog = 0;
		};
/* End PBXShellScriptBuildPhase section */

/* Begin PBXSourcesBuildPhase section */
		AB2C7A2726E25E8600368DCE /* Sources */ = {
			isa = PBXSourcesBuildPhase;
			buildActionMask = 2147483647;
			files = (
				AB3D8C4826EA212C00B5A922 /* CenterVO.swift in Sources */,
				AB3D8C4F26EA268400B5A922 /* target.swift in Sources */,
				AB2C7A3326E25E8600368DCE /* ViewController.swift in Sources */,
				AB3D8C4426EA20A300B5A922 /* Cell.swift in Sources */,
				AB2C7A2F26E25E8600368DCE /* AppDelegate.swift in Sources */,
				AB2C7A3126E25E8600368DCE /* SceneDelegate.swift in Sources */,
				AB3D8C4D26EA266D00B5A922 /* Service.swift in Sources */,
			);
			runOnlyForDeploymentPostprocessing = 0;
		};
/* End PBXSourcesBuildPhase section */

/* Begin PBXVariantGroup section */
		AB2C7A3426E25E8600368DCE /* Main.storyboard */ = {
			isa = PBXVariantGroup;
			children = (
				AB2C7A3526E25E8600368DCE /* Base */,
			);
			name = Main.storyboard;
			sourceTree = "<group>";
		};
		AB2C7A3926E25E8700368DCE /* LaunchScreen.storyboard */ = {
			isa = PBXVariantGroup;
			children = (
				AB2C7A3A26E25E8700368DCE /* Base */,
			);
			name = LaunchScreen.storyboard;
			sourceTree = "<group>";
		};
/* End PBXVariantGroup section */

/* Begin XCBuildConfiguration section */
		AB2C7A5326E25E8700368DCE /* Debug */ = {
			isa = XCBuildConfiguration;
			buildSettings = {
				ALWAYS_SEARCH_USER_PATHS = NO;
				CLANG_ANALYZER_NONNULL = YES;
				CLANG_ANALYZER_NUMBER_OBJECT_CONVERSION = YES_AGGRESSIVE;
				CLANG_CXX_LANGUAGE_STANDARD = "gnu++14";
				CLANG_CXX_LIBRARY = "libc++";
				CLANG_ENABLE_MODULES = YES;
				CLANG_ENABLE_OBJC_ARC = YES;
				CLANG_ENABLE_OBJC_WEAK = YES;
				CLANG_WARN_BLOCK_CAPTURE_AUTORELEASING = YES;
				CLANG_WARN_BOOL_CONVERSION = YES;
				CLANG_WARN_COMMA = YES;
				CLANG_WARN_CONSTANT_CONVERSION = YES;
				CLANG_WARN_DEPRECATED_OBJC_IMPLEMENTATIONS = YES;
				CLANG_WARN_DIRECT_OBJC_ISA_USAGE = YES_ERROR;
				CLANG_WARN_DOCUMENTATION_COMMENTS = YES;
				CLANG_WARN_EMPTY_BODY = YES;
				CLANG_WARN_ENUM_CONVERSION = YES;
				CLANG_WARN_INFINITE_RECURSION = YES;
				CLANG_WARN_INT_CONVERSION = YES;
				CLANG_WARN_NON_LITERAL_NULL_CONVERSION = YES;
				CLANG_WARN_OBJC_IMPLICIT_RETAIN_SELF = YES;
				CLANG_WARN_OBJC_LITERAL_CONVERSION = YES;
				CLANG_WARN_OBJC_ROOT_CLASS = YES_ERROR;
				CLANG_WARN_QUOTED_INCLUDE_IN_FRAMEWORK_HEADER = YES;
				CLANG_WARN_RANGE_LOOP_ANALYSIS = YES;
				CLANG_WARN_STRICT_PROTOTYPES = YES;
				CLANG_WARN_SUSPICIOUS_MOVE = YES;
				CLANG_WARN_UNGUARDED_AVAILABILITY = YES_AGGRESSIVE;
				CLANG_WARN_UNREACHABLE_CODE = YES;
				CLANG_WARN__DUPLICATE_METHOD_MATCH = YES;
				COPY_PHASE_STRIP = NO;
				DEBUG_INFORMATION_FORMAT = dwarf;
				ENABLE_STRICT_OBJC_MSGSEND = YES;
				ENABLE_TESTABILITY = YES;
				GCC_C_LANGUAGE_STANDARD = gnu11;
				GCC_DYNAMIC_NO_PIC = NO;
				GCC_NO_COMMON_BLOCKS = YES;
				GCC_OPTIMIZATION_LEVEL = 0;
				GCC_PREPROCESSOR_DEFINITIONS = (
					"DEBUG=1",
					"$(inherited)",
				);
				GCC_WARN_64_TO_32_BIT_CONVERSION = YES;
				GCC_WARN_ABOUT_RETURN_TYPE = YES_ERROR;
				GCC_WARN_UNDECLARED_SELECTOR = YES;
				GCC_WARN_UNINITIALIZED_AUTOS = YES_AGGRESSIVE;
				GCC_WARN_UNUSED_FUNCTION = YES;
				GCC_WARN_UNUSED_VARIABLE = YES;
				IPHONEOS_DEPLOYMENT_TARGET = 14.5;
				MTL_ENABLE_DEBUG_INFO = INCLUDE_SOURCE;
				MTL_FAST_MATH = YES;
				ONLY_ACTIVE_ARCH = YES;
				SDKROOT = iphoneos;
				SWIFT_ACTIVE_COMPILATION_CONDITIONS = DEBUG;
				SWIFT_OPTIMIZATION_LEVEL = "-Onone";
			};
			name = Debug;
		};
		AB2C7A5426E25E8700368DCE /* Release */ = {
			isa = XCBuildConfiguration;
			buildSettings = {
				ALWAYS_SEARCH_USER_PATHS = NO;
				CLANG_ANALYZER_NONNULL = YES;
				CLANG_ANALYZER_NUMBER_OBJECT_CONVERSION = YES_AGGRESSIVE;
				CLANG_CXX_LANGUAGE_STANDARD = "gnu++14";
				CLANG_CXX_LIBRARY = "libc++";
				CLANG_ENABLE_MODULES = YES;
				CLANG_ENABLE_OBJC_ARC = YES;
				CLANG_ENABLE_OBJC_WEAK = YES;
				CLANG_WARN_BLOCK_CAPTURE_AUTORELEASING = YES;
				CLANG_WARN_BOOL_CONVERSION = YES;
				CLANG_WARN_COMMA = YES;
				CLANG_WARN_CONSTANT_CONVERSION = YES;
				CLANG_WARN_DEPRECATED_OBJC_IMPLEMENTATIONS = YES;
				CLANG_WARN_DIRECT_OBJC_ISA_USAGE = YES_ERROR;
				CLANG_WARN_DOCUMENTATION_COMMENTS = YES;
				CLANG_WARN_EMPTY_BODY = YES;
				CLANG_WARN_ENUM_CONVERSION = YES;
				CLANG_WARN_INFINITE_RECURSION = YES;
				CLANG_WARN_INT_CONVERSION = YES;
				CLANG_WARN_NON_LITERAL_NULL_CONVERSION = YES;
				CLANG_WARN_OBJC_IMPLICIT_RETAIN_SELF = YES;
				CLANG_WARN_OBJC_LITERAL_CONVERSION = YES;
				CLANG_WARN_OBJC_ROOT_CLASS = YES_ERROR;
				CLANG_WARN_QUOTED_INCLUDE_IN_FRAMEWORK_HEADER = YES;
				CLANG_WARN_RANGE_LOOP_ANALYSIS = YES;
				CLANG_WARN_STRICT_PROTOTYPES = YES;
				CLANG_WARN_SUSPICIOUS_MOVE = YES;
				CLANG_WARN_UNGUARDED_AVAILABILITY = YES_AGGRESSIVE;
				CLANG_WARN_UNREACHABLE_CODE = YES;
				CLANG_WARN__DUPLICATE_METHOD_MATCH = YES;
				COPY_PHASE_STRIP = NO;
				DEBUG_INFORMATION_FORMAT = "dwarf-with-dsym";
				ENABLE_NS_ASSERTIONS = NO;
				ENABLE_STRICT_OBJC_MSGSEND = YES;
				GCC_C_LANGUAGE_STANDARD = gnu11;
				GCC_NO_COMMON_BLOCKS = YES;
				GCC_WARN_64_TO_32_BIT_CONVERSION = YES;
				GCC_WARN_ABOUT_RETURN_TYPE = YES_ERROR;
				GCC_WARN_UNDECLARED_SELECTOR = YES;
				GCC_WARN_UNINITIALIZED_AUTOS = YES_AGGRESSIVE;
				GCC_WARN_UNUSED_FUNCTION = YES;
				GCC_WARN_UNUSED_VARIABLE = YES;
				IPHONEOS_DEPLOYMENT_TARGET = 14.5;
				MTL_ENABLE_DEBUG_INFO = NO;
				MTL_FAST_MATH = YES;
				SDKROOT = iphoneos;
				SWIFT_COMPILATION_MODE = wholemodule;
				SWIFT_OPTIMIZATION_LEVEL = "-O";
				VALIDATE_PRODUCT = YES;
			};
			name = Release;
		};
		AB2C7A5626E25E8700368DCE /* Debug */ = {
			isa = XCBuildConfiguration;
			baseConfigurationReference = 649BCDEF4501BA54923AC760 /* Pods-RxMoya_practice.debug.xcconfig */;
			buildSettings = {
				ASSETCATALOG_COMPILER_APPICON_NAME = AppIcon;
				ASSETCATALOG_COMPILER_GLOBAL_ACCENT_COLOR_NAME = AccentColor;
				CODE_SIGN_STYLE = Automatic;
				INFOPLIST_FILE = RxMoya_practice/Info.plist;
				LD_RUNPATH_SEARCH_PATHS = (
					"$(inherited)",
					"@executable_path/Frameworks",
				);
				PRODUCT_BUNDLE_IDENTIFIER = "com.electricbicycle.RxMoya-practice";
				PRODUCT_NAME = "$(TARGET_NAME)";
				SWIFT_VERSION = 5.0;
				TARGETED_DEVICE_FAMILY = "1,2";
			};
			name = Debug;
		};
		AB2C7A5726E25E8700368DCE /* Release */ = {
			isa = XCBuildConfiguration;
			baseConfigurationReference = 5F55AE6806DDC5C80EC17775 /* Pods-RxMoya_practice.release.xcconfig */;
			buildSettings = {
				ASSETCATALOG_COMPILER_APPICON_NAME = AppIcon;
				ASSETCATALOG_COMPILER_GLOBAL_ACCENT_COLOR_NAME = AccentColor;
				CODE_SIGN_STYLE = Automatic;
				INFOPLIST_FILE = RxMoya_practice/Info.plist;
				LD_RUNPATH_SEARCH_PATHS = (
					"$(inherited)",
					"@executable_path/Frameworks",
				);
				PRODUCT_BUNDLE_IDENTIFIER = "com.electricbicycle.RxMoya-practice";
				PRODUCT_NAME = "$(TARGET_NAME)";
				SWIFT_VERSION = 5.0;
				TARGETED_DEVICE_FAMILY = "1,2";
			};
			name = Release;
		};
/* End XCBuildConfiguration section */

/* Begin XCConfigurationList section */
		AB2C7A2626E25E8600368DCE /* Build configuration list for PBXProject "RxMoya_practice" */ = {
			isa = XCConfigurationList;
			buildConfigurations = (
				AB2C7A5326E25E8700368DCE /* Debug */,
				AB2C7A5426E25E8700368DCE /* Release */,
			);
			defaultConfigurationIsVisible = 0;
			defaultConfigurationName = Release;
		};
		AB2C7A5526E25E8700368DCE /* Build configuration list for PBXNativeTarget "RxMoya_practice" */ = {
			isa = XCConfigurationList;
			buildConfigurations = (
				AB2C7A5626E25E8700368DCE /* Debug */,
				AB2C7A5726E25E8700368DCE /* Release */,
			);
			defaultConfigurationIsVisible = 0;
			defaultConfigurationName = Release;
		};
/* End XCConfigurationList section */
	};
	rootObject = AB2C7A2326E25E8600368DCE /* Project object */;
}
